
Microsoft Visual Studio Solution File, Format Version 12.00
# Visual Studio 15
VisualStudioVersion = 15.0.28307.572
MinimumVisualStudioVersion = 10.0.40219.1
Project("{FAE04EC0-301F-11D3-BF4B-00C04F79EFBC}") = "MatrixTransform", "MatrixTransform\MatrixTransform.csproj", "{AEB4A55F-DB41-435F-9759-3A07D9EC984A}"
EndProject
Project("{FAE04EC0-301F-11D3-BF4B-00C04F79EFBC}") = "3DTransform", "3DTransform\3DTransform.csproj", "{7311C00D-9F3F-475C-A991-DF0DA872AA67}"
EndProject
Global
	GlobalSection(SolutionConfigurationPlatforms) = preSolution
		Debug|Any CPU = Debug|Any CPU
		Release|Any CPU = Release|Any CPU
	EndGlobalSection
	GlobalSection(ProjectConfigurationPlatforms) = postSolution
		{AEB4A55F-DB41-435F-9759-3A07D9EC984A}.Debug|Any CPU.ActiveCfg = Debug|Any CPU
		{AEB4A55F-DB41-435F-9759-3A07D9EC984A}.Debug|Any CPU.Build.0 = Debug|Any CPU
		{AEB4A55F-DB41-435F-9759-3A07D9EC984A}.Release|Any CPU.ActiveCfg = Release|Any CPU
		{AEB4A55F-DB41-435F-9759-3A07D9EC984A}.Release|Any CPU.Build.0 = Release|Any CPU
		{7311C00D-9F3F-475C-A991-DF0DA872AA67}.Debug|Any CPU.ActiveCfg = Debug|Any CPU
		{7311C00D-9F3F-475C-A991-DF0DA872AA67}.Debug|Any CPU.Build.0 = Debug|Any CPU
		{7311C00D-9F3F-475C-A991-DF0DA872AA67}.Release|Any CPU.ActiveCfg = Release|Any CPU
		{7311C00D-9F3F-475C-A991-DF0DA872AA67}.Release|Any CPU.Build.0 = Release|Any CPU
	EndGlobalSection
	GlobalSection(SolutionProperties) = preSolution
		HideSolutionNode = FALSE
	EndGlobalSection
	GlobalSection(ExtensibilityGlobals) = postSolution
		SolutionGuid = {A9204BE7-28FA-4DDA-B18C-32693D415645}
	EndGlobalSection
EndGlobal
